
Microsoft Visual Studio Solution File, Format Version 12.00
# Visual Studio Version 17
VisualStudioVersion = 17.0.32126.317
MinimumVisualStudioVersion = 10.0.40219.1
Project("{FAE04EC0-301F-11D3-BF4B-00C04F79EFBC}") = "29032022", "29032022\29032022.csproj", "{CD991D35-CE02-4412-BAE6-CC4F6D6C7665}"
EndProject
Global
	GlobalSection(SolutionConfigurationPlatforms) = preSolution
		Debug|Any CPU = Debug|Any CPU
		Release|Any CPU = Release|Any CPU
	EndGlobalSection
	GlobalSection(ProjectConfigurationPlatforms) = postSolution
		{CD991D35-CE02-4412-BAE6-CC4F6D6C7665}.Debug|Any CPU.ActiveCfg = Debug|Any CPU
		{CD991D35-CE02-4412-BAE6-CC4F6D6C7665}.Debug|Any CPU.Build.0 = Debug|Any CPU
		{CD991D35-CE02-4412-BAE6-CC4F6D6C7665}.Release|Any CPU.ActiveCfg = Release|Any CPU
		{CD991D35-CE02-4412-BAE6-CC4F6D6C7665}.Release|Any CPU.Build.0 = Release|Any CPU
	EndGlobalSection
	GlobalSection(SolutionProperties) = preSolution
		HideSolutionNode = FALSE
	EndGlobalSection
	GlobalSection(ExtensibilityGlobals) = postSolution
		SolutionGuid = {D7892201-4C92-4474-A605-860E088C9FAF}
	EndGlobalSection
EndGlobal
